
Microsoft Visual Studio Solution File, Format Version 12.00
# Visual Studio Version 16
VisualStudioVersion = 16.0.29102.190
MinimumVisualStudioVersion = 10.0.40219.1
Project("{FAE04EC0-301F-11D3-BF4B-00C04F79EFBC}") = "JustMockLite", "JustMockLite\JustMockLite.csproj", "{D22886B5-F26F-4701-8D40-9F5408C94F19}"
EndProject
Project("{FAE04EC0-301F-11D3-BF4B-00C04F79EFBC}") = "LOBCode", "LOBCode\LOBCode.csproj", "{2876361D-46C4-4436-B991-1EE8423AABEE}"
EndProject
Global
	GlobalSection(SolutionConfigurationPlatforms) = preSolution
		Debug|Any CPU = Debug|Any CPU
		Release|Any CPU = Release|Any CPU
	EndGlobalSection
	GlobalSection(ProjectConfigurationPlatforms) = postSolution
		{D22886B5-F26F-4701-8D40-9F5408C94F19}.Debug|Any CPU.ActiveCfg = Debug|Any CPU
		{D22886B5-F26F-4701-8D40-9F5408C94F19}.Debug|Any CPU.Build.0 = Debug|Any CPU
		{D22886B5-F26F-4701-8D40-9F5408C94F19}.Release|Any CPU.ActiveCfg = Release|Any CPU
		{D22886B5-F26F-4701-8D40-9F5408C94F19}.Release|Any CPU.Build.0 = Release|Any CPU
		{2876361D-46C4-4436-B991-1EE8423AABEE}.Debug|Any CPU.ActiveCfg = Debug|Any CPU
		{2876361D-46C4-4436-B991-1EE8423AABEE}.Debug|Any CPU.Build.0 = Debug|Any CPU
		{2876361D-46C4-4436-B991-1EE8423AABEE}.Release|Any CPU.ActiveCfg = Release|Any CPU
		{2876361D-46C4-4436-B991-1EE8423AABEE}.Release|Any CPU.Build.0 = Release|Any CPU
	EndGlobalSection
	GlobalSection(SolutionProperties) = preSolution
		HideSolutionNode = FALSE
	EndGlobalSection
	GlobalSection(ExtensibilityGlobals) = postSolution
		SolutionGuid = {81354D03-578E-47D7-B6EF-8F2725DF7097}
	EndGlobalSection
EndGlobal
